// !$*UTF8*$!
{
	archiveVersion = 1;
	classes = {
	};
	objectVersion = 55;
	objects = {

/* Begin PBXBuildFile section */
		480DBE9528E9FBAA00C466D9 /* AppDelegate.swift in Sources */ = {isa = PBXBuildFile; fileRef = 480DBE9428E9FBAA00C466D9 /* AppDelegate.swift */; };
		480DBE9728E9FBAA00C466D9 /* SceneDelegate.swift in Sources */ = {isa = PBXBuildFile; fileRef = 480DBE9628E9FBAA00C466D9 /* SceneDelegate.swift */; };
		480DBE9928E9FBAA00C466D9 /* MainScreenViewController.swift in Sources */ = {isa = PBXBuildFile; fileRef = 480DBE9828E9FBAA00C466D9 /* MainScreenViewController.swift */; };
		480DBE9C28E9FBAA00C466D9 /* Main.storyboard in Resources */ = {isa = PBXBuildFile; fileRef = 480DBE9A28E9FBAA00C466D9 /* Main.storyboard */; };
		480DBE9F28E9FBAA00C466D9 /* WeatherApp.xcdatamodeld in Sources */ = {isa = PBXBuildFile; fileRef = 480DBE9D28E9FBAA00C466D9 /* WeatherApp.xcdatamodeld */; };
		480DBEA128E9FBAB00C466D9 /* Assets.xcassets in Resources */ = {isa = PBXBuildFile; fileRef = 480DBEA028E9FBAB00C466D9 /* Assets.xcassets */; };
		480DBEA428E9FBAB00C466D9 /* LaunchScreen.storyboard in Resources */ = {isa = PBXBuildFile; fileRef = 480DBEA228E9FBAB00C466D9 /* LaunchScreen.storyboard */; };
		480DBEB928E9FBAB00C466D9 /* WeatherAppUITests.swift in Sources */ = {isa = PBXBuildFile; fileRef = 480DBEB828E9FBAB00C466D9 /* WeatherAppUITests.swift */; };
		480DBEBB28E9FBAB00C466D9 /* WeatherAppUITestsLaunchTests.swift in Sources */ = {isa = PBXBuildFile; fileRef = 480DBEBA28E9FBAB00C466D9 /* WeatherAppUITestsLaunchTests.swift */; };
		486FB97328F70410007EF040 /* Location+Extension.swift in Sources */ = {isa = PBXBuildFile; fileRef = 486FB97228F70410007EF040 /* Location+Extension.swift */; };
		486FB97628F706EB007EF040 /* CoreDataManager.swift in Sources */ = {isa = PBXBuildFile; fileRef = 486FB97528F706EB007EF040 /* CoreDataManager.swift */; };
		486FB97828F708E1007EF040 /* AddLocationViewModel.swift in Sources */ = {isa = PBXBuildFile; fileRef = 486FB97728F708E1007EF040 /* AddLocationViewModel.swift */; };
		486FB97C28FCC003007EF040 /* Weather.json in Resources */ = {isa = PBXBuildFile; fileRef = 486FB97B28FCC003007EF040 /* Weather.json */; };
		487262A028EE2F13002D4AE2 /* DetailScreenSwiftUIView.swift in Sources */ = {isa = PBXBuildFile; fileRef = 4872629F28EE2F13002D4AE2 /* DetailScreenSwiftUIView.swift */; };
		487262A228EE2F59002D4AE2 /* WeatherService.swift in Sources */ = {isa = PBXBuildFile; fileRef = 487262A128EE2F59002D4AE2 /* WeatherService.swift */; };
		487262A428EE2F80002D4AE2 /* WeaatherModel.swift in Sources */ = {isa = PBXBuildFile; fileRef = 487262A328EE2F80002D4AE2 /* WeaatherModel.swift */; };
		487262A628EE2FBC002D4AE2 /* WeatherViewModel.swift in Sources */ = {isa = PBXBuildFile; fileRef = 487262A528EE2FBC002D4AE2 /* WeatherViewModel.swift */; };
		487262B328EF3D07002D4AE2 /* AddLocationViewController.swift in Sources */ = {isa = PBXBuildFile; fileRef = 487262B228EF3D07002D4AE2 /* AddLocationViewController.swift */; };
		487262C228F699BA002D4AE2 /* GenNetworkManager.swift in Sources */ = {isa = PBXBuildFile; fileRef = 487262C128F699BA002D4AE2 /* GenNetworkManager.swift */; };
/* End PBXBuildFile section */

/* Begin PBXContainerItemProxy section */
		480DBEAB28E9FBAB00C466D9 /* PBXContainerItemProxy */ = {
			isa = PBXContainerItemProxy;
			containerPortal = 480DBE8928E9FBAA00C466D9 /* Project object */;
			proxyType = 1;
			remoteGlobalIDString = 480DBE9028E9FBAA00C466D9;
			remoteInfo = WeatherApp;
		};
		480DBEB528E9FBAB00C466D9 /* PBXContainerItemProxy */ = {
			isa = PBXContainerItemProxy;
			containerPortal = 480DBE8928E9FBAA00C466D9 /* Project object */;
			proxyType = 1;
			remoteGlobalIDString = 480DBE9028E9FBAA00C466D9;
			remoteInfo = WeatherApp;
		};
/* End PBXContainerItemProxy section */

/* Begin PBXFileReference section */
		480DBE9128E9FBAA00C466D9 /* WeatherApp.app */ = {isa = PBXFileReference; explicitFileType = wrapper.application; includeInIndex = 0; path = WeatherApp.app; sourceTree = BUILT_PRODUCTS_DIR; };
		480DBE9428E9FBAA00C466D9 /* AppDelegate.swift */ = {isa = PBXFileReference; lastKnownFileType = sourcecode.swift; path = AppDelegate.swift; sourceTree = "<group>"; };
		480DBE9628E9FBAA00C466D9 /* SceneDelegate.swift */ = {isa = PBXFileReference; lastKnownFileType = sourcecode.swift; path = SceneDelegate.swift; sourceTree = "<group>"; };
		480DBE9828E9FBAA00C466D9 /* MainScreenViewController.swift */ = {isa = PBXFileReference; lastKnownFileType = sourcecode.swift; path = MainScreenViewController.swift; sourceTree = "<group>"; };
		480DBE9B28E9FBAA00C466D9 /* Base */ = {isa = PBXFileReference; lastKnownFileType = file.storyboard; name = Base; path = Base.lproj/Main.storyboard; sourceTree = "<group>"; };
		480DBE9E28E9FBAA00C466D9 /* WeatherApp.xcdatamodel */ = {isa = PBXFileReference; lastKnownFileType = wrapper.xcdatamodel; path = WeatherApp.xcdatamodel; sourceTree = "<group>"; };
		480DBEA028E9FBAB00C466D9 /* Assets.xcassets */ = {isa = PBXFileReference; lastKnownFileType = folder.assetcatalog; path = Assets.xcassets; sourceTree = "<group>"; };
		480DBEA328E9FBAB00C466D9 /* Base */ = {isa = PBXFileReference; lastKnownFileType = file.storyboard; name = Base; path = Base.lproj/LaunchScreen.storyboard; sourceTree = "<group>"; };
		480DBEA528E9FBAB00C466D9 /* Info.plist */ = {isa = PBXFileReference; lastKnownFileType = text.plist.xml; path = Info.plist; sourceTree = "<group>"; };
		480DBEAA28E9FBAB00C466D9 /* WeatherAppTests.xctest */ = {isa = PBXFileReference; explicitFileType = wrapper.cfbundle; includeInIndex = 0; path = WeatherAppTests.xctest; sourceTree = BUILT_PRODUCTS_DIR; };
		480DBEB428E9FBAB00C466D9 /* WeatherAppUITests.xctest */ = {isa = PBXFileReference; explicitFileType = wrapper.cfbundle; includeInIndex = 0; path = WeatherAppUITests.xctest; sourceTree = BUILT_PRODUCTS_DIR; };
		480DBEB828E9FBAB00C466D9 /* WeatherAppUITests.swift */ = {isa = PBXFileReference; lastKnownFileType = sourcecode.swift; path = WeatherAppUITests.swift; sourceTree = "<group>"; };
		480DBEBA28E9FBAB00C466D9 /* WeatherAppUITestsLaunchTests.swift */ = {isa = PBXFileReference; lastKnownFileType = sourcecode.swift; path = WeatherAppUITestsLaunchTests.swift; sourceTree = "<group>"; };
		486FB97228F70410007EF040 /* Location+Extension.swift */ = {isa = PBXFileReference; lastKnownFileType = sourcecode.swift; path = "Location+Extension.swift"; sourceTree = "<group>"; };
		486FB97528F706EB007EF040 /* CoreDataManager.swift */ = {isa = PBXFileReference; lastKnownFileType = sourcecode.swift; path = CoreDataManager.swift; sourceTree = "<group>"; };
		486FB97728F708E1007EF040 /* AddLocationViewModel.swift */ = {isa = PBXFileReference; lastKnownFileType = sourcecode.swift; path = AddLocationViewModel.swift; sourceTree = "<group>"; };
		486FB97B28FCC003007EF040 /* Weather.json */ = {isa = PBXFileReference; lastKnownFileType = text.json; path = Weather.json; sourceTree = "<group>"; };
		4872629F28EE2F13002D4AE2 /* DetailScreenSwiftUIView.swift */ = {isa = PBXFileReference; lastKnownFileType = sourcecode.swift; path = DetailScreenSwiftUIView.swift; sourceTree = "<group>"; };
		487262A128EE2F59002D4AE2 /* WeatherService.swift */ = {isa = PBXFileReference; lastKnownFileType = sourcecode.swift; path = WeatherService.swift; sourceTree = "<group>"; };
		487262A328EE2F80002D4AE2 /* WeaatherModel.swift */ = {isa = PBXFileReference; lastKnownFileType = sourcecode.swift; path = WeaatherModel.swift; sourceTree = "<group>"; };
		487262A528EE2FBC002D4AE2 /* WeatherViewModel.swift */ = {isa = PBXFileReference; lastKnownFileType = sourcecode.swift; path = WeatherViewModel.swift; sourceTree = "<group>"; };
		487262B228EF3D07002D4AE2 /* AddLocationViewController.swift */ = {isa = PBXFileReference; lastKnownFileType = sourcecode.swift; path = AddLocationViewController.swift; sourceTree = "<group>"; };
		487262C128F699BA002D4AE2 /* GenNetworkManager.swift */ = {isa = PBXFileReference; lastKnownFileType = sourcecode.swift; path = GenNetworkManager.swift; sourceTree = "<group>"; };
/* End PBXFileReference section */

/* Begin PBXFrameworksBuildPhase section */
		480DBE8E28E9FBAA00C466D9 /* Frameworks */ = {
			isa = PBXFrameworksBuildPhase;
			buildActionMask = 2147483647;
			files = (
			);
			runOnlyForDeploymentPostprocessing = 0;
		};
		480DBEA728E9FBAB00C466D9 /* Frameworks */ = {
			isa = PBXFrameworksBuildPhase;
			buildActionMask = 2147483647;
			files = (
			);
			runOnlyForDeploymentPostprocessing = 0;
		};
		480DBEB128E9FBAB00C466D9 /* Frameworks */ = {
			isa = PBXFrameworksBuildPhase;
			buildActionMask = 2147483647;
			files = (
			);
			runOnlyForDeploymentPostprocessing = 0;
		};
/* End PBXFrameworksBuildPhase section */

/* Begin PBXGroup section */
		480DBE8828E9FBAA00C466D9 = {
			isa = PBXGroup;
			children = (
				480DBE9328E9FBAA00C466D9 /* WeatherApp */,
				480DBEAD28E9FBAB00C466D9 /* WeatherAppTests */,
				480DBEB728E9FBAB00C466D9 /* WeatherAppUITests */,
				480DBE9228E9FBAA00C466D9 /* Products */,
			);
			sourceTree = "<group>";
		};
		480DBE9228E9FBAA00C466D9 /* Products */ = {
			isa = PBXGroup;
			children = (
				480DBE9128E9FBAA00C466D9 /* WeatherApp.app */,
				480DBEAA28E9FBAB00C466D9 /* WeatherAppTests.xctest */,
				480DBEB428E9FBAB00C466D9 /* WeatherAppUITests.xctest */,
			);
			name = Products;
			sourceTree = "<group>";
		};
		480DBE9328E9FBAA00C466D9 /* WeatherApp */ = {
			isa = PBXGroup;
			children = (
				486FB97A28F70969007EF040 /* MainScreen */,
				486FB97928F708E8007EF040 /* AddLocation */,
				486FB97128F703A4007EF040 /* Repository */,
				487262B628EF3EEE002D4AE2 /* WeatherService */,
				480DBE9428E9FBAA00C466D9 /* AppDelegate.swift */,
				480DBE9628E9FBAA00C466D9 /* SceneDelegate.swift */,
				480DBE9A28E9FBAA00C466D9 /* Main.storyboard */,
				480DBEA028E9FBAB00C466D9 /* Assets.xcassets */,
				480DBEA228E9FBAB00C466D9 /* LaunchScreen.storyboard */,
				480DBEA528E9FBAB00C466D9 /* Info.plist */,
			);
			path = WeatherApp;
			sourceTree = "<group>";
		};
		480DBEAD28E9FBAB00C466D9 /* WeatherAppTests */ = {
			isa = PBXGroup;
			children = (
				486FB97B28FCC003007EF040 /* Weather.json */,
			);
			path = WeatherAppTests;
			sourceTree = "<group>";
		};
		480DBEB728E9FBAB00C466D9 /* WeatherAppUITests */ = {
			isa = PBXGroup;
			children = (
				480DBEB828E9FBAB00C466D9 /* WeatherAppUITests.swift */,
				480DBEBA28E9FBAB00C466D9 /* WeatherAppUITestsLaunchTests.swift */,
			);
			path = WeatherAppUITests;
			sourceTree = "<group>";
		};
		486FB97128F703A4007EF040 /* Repository */ = {
			isa = PBXGroup;
			children = (
				486FB97228F70410007EF040 /* Location+Extension.swift */,
				480DBE9D28E9FBAA00C466D9 /* WeatherApp.xcdatamodeld */,
				486FB97528F706EB007EF040 /* CoreDataManager.swift */,
			);
			path = Repository;
			sourceTree = "<group>";
		};
		486FB97928F708E8007EF040 /* AddLocation */ = {
			isa = PBXGroup;
			children = (
				486FB97728F708E1007EF040 /* AddLocationViewModel.swift */,
				487262B228EF3D07002D4AE2 /* AddLocationViewController.swift */,
			);
			path = AddLocation;
			sourceTree = "<group>";
		};
		486FB97A28F70969007EF040 /* MainScreen */ = {
			isa = PBXGroup;
			children = (
				480DBE9828E9FBAA00C466D9 /* MainScreenViewController.swift */,
			);
			path = MainScreen;
			sourceTree = "<group>";
		};
		487262B628EF3EEE002D4AE2 /* WeatherService */ = {
			isa = PBXGroup;
			children = (
				487262C128F699BA002D4AE2 /* GenNetworkManager.swift */,
				487262A128EE2F59002D4AE2 /* WeatherService.swift */,
				487262A328EE2F80002D4AE2 /* WeaatherModel.swift */,
				487262A528EE2FBC002D4AE2 /* WeatherViewModel.swift */,
				4872629F28EE2F13002D4AE2 /* DetailScreenSwiftUIView.swift */,
			);
			path = WeatherService;
			sourceTree = "<group>";
		};
/* End PBXGroup section */

/* Begin PBXNativeTarget section */
		480DBE9028E9FBAA00C466D9 /* WeatherApp */ = {
			isa = PBXNativeTarget;
			buildConfigurationList = 480DBEBE28E9FBAB00C466D9 /* Build configuration list for PBXNativeTarget "WeatherApp" */;
			buildPhases = (
				480DBE8D28E9FBAA00C466D9 /* Sources */,
				480DBE8E28E9FBAA00C466D9 /* Frameworks */,
				480DBE8F28E9FBAA00C466D9 /* Resources */,
			);
			buildRules = (
			);
			dependencies = (
			);
			name = WeatherApp;
			productName = WeatherApp;
			productReference = 480DBE9128E9FBAA00C466D9 /* WeatherApp.app */;
			productType = "com.apple.product-type.application";
		};
		480DBEA928E9FBAB00C466D9 /* WeatherAppTests */ = {
			isa = PBXNativeTarget;
			buildConfigurationList = 480DBEC128E9FBAB00C466D9 /* Build configuration list for PBXNativeTarget "WeatherAppTests" */;
			buildPhases = (
				480DBEA628E9FBAB00C466D9 /* Sources */,
				480DBEA728E9FBAB00C466D9 /* Frameworks */,
				480DBEA828E9FBAB00C466D9 /* Resources */,
			);
			buildRules = (
			);
			dependencies = (
				480DBEAC28E9FBAB00C466D9 /* PBXTargetDependency */,
			);
			name = WeatherAppTests;
			productName = WeatherAppTests;
			productReference = 480DBEAA28E9FBAB00C466D9 /* WeatherAppTests.xctest */;
			productType = "com.apple.product-type.bundle.unit-test";
		};
		480DBEB328E9FBAB00C466D9 /* WeatherAppUITests */ = {
			isa = PBXNativeTarget;
			buildConfigurationList = 480DBEC428E9FBAB00C466D9 /* Build configuration list for PBXNativeTarget "WeatherAppUITests" */;
			buildPhases = (
				480DBEB028E9FBAB00C466D9 /* Sources */,
				480DBEB128E9FBAB00C466D9 /* Frameworks */,
				480DBEB228E9FBAB00C466D9 /* Resources */,
			);
			buildRules = (
			);
			dependencies = (
				480DBEB628E9FBAB00C466D9 /* PBXTargetDependency */,
			);
			name = WeatherAppUITests;
			productName = WeatherAppUITests;
			productReference = 480DBEB428E9FBAB00C466D9 /* WeatherAppUITests.xctest */;
			productType = "com.apple.product-type.bundle.ui-testing";
		};
/* End PBXNativeTarget section */

/* Begin PBXProject section */
		480DBE8928E9FBAA00C466D9 /* Project object */ = {
			isa = PBXProject;
			attributes = {
				BuildIndependentTargetsInParallel = 1;
				LastSwiftUpdateCheck = 1340;
				LastUpgradeCheck = 1340;
				TargetAttributes = {
					480DBE9028E9FBAA00C466D9 = {
						CreatedOnToolsVersion = 13.4.1;
					};
					480DBEA928E9FBAB00C466D9 = {
						CreatedOnToolsVersion = 13.4.1;
						LastSwiftMigration = 1340;
						TestTargetID = 480DBE9028E9FBAA00C466D9;
					};
					480DBEB328E9FBAB00C466D9 = {
						CreatedOnToolsVersion = 13.4.1;
						TestTargetID = 480DBE9028E9FBAA00C466D9;
					};
				};
			};
			buildConfigurationList = 480DBE8C28E9FBAA00C466D9 /* Build configuration list for PBXProject "WeatherApp" */;
			compatibilityVersion = "Xcode 13.0";
			developmentRegion = en;
			hasScannedForEncodings = 0;
			knownRegions = (
				en,
				Base,
			);
			mainGroup = 480DBE8828E9FBAA00C466D9;
			productRefGroup = 480DBE9228E9FBAA00C466D9 /* Products */;
			projectDirPath = "";
			projectRoot = "";
			targets = (
				480DBE9028E9FBAA00C466D9 /* WeatherApp */,
				480DBEA928E9FBAB00C466D9 /* WeatherAppTests */,
				480DBEB328E9FBAB00C466D9 /* WeatherAppUITests */,
			);
		};
/* End PBXProject section */

/* Begin PBXResourcesBuildPhase section */
		480DBE8F28E9FBAA00C466D9 /* Resources */ = {
			isa = PBXResourcesBuildPhase;
			buildActionMask = 2147483647;
			files = (
				480DBEA428E9FBAB00C466D9 /* LaunchScreen.storyboard in Resources */,
				480DBEA128E9FBAB00C466D9 /* Assets.xcassets in Resources */,
				480DBE9C28E9FBAA00C466D9 /* Main.storyboard in Resources */,
			);
			runOnlyForDeploymentPostprocessing = 0;
		};
		480DBEA828E9FBAB00C466D9 /* Resources */ = {
			isa = PBXResourcesBuildPhase;
			buildActionMask = 2147483647;
			files = (
				486FB97C28FCC003007EF040 /* Weather.json in Resources */,
			);
			runOnlyForDeploymentPostprocessing = 0;
		};
		480DBEB228E9FBAB00C466D9 /* Resources */ = {
			isa = PBXResourcesBuildPhase;
			buildActionMask = 2147483647;
			files = (
			);
			runOnlyForDeploymentPostprocessing = 0;
		};
/* End PBXResourcesBuildPhase section */

/* Begin PBXSourcesBuildPhase section */
		480DBE8D28E9FBAA00C466D9 /* Sources */ = {
			isa = PBXSourcesBuildPhase;
			buildActionMask = 2147483647;
			files = (
				487262B328EF3D07002D4AE2 /* AddLocationViewController.swift in Sources */,
				487262C228F699BA002D4AE2 /* GenNetworkManager.swift in Sources */,
				487262A428EE2F80002D4AE2 /* WeaatherModel.swift in Sources */,
				486FB97828F708E1007EF040 /* AddLocationViewModel.swift in Sources */,
				480DBE9F28E9FBAA00C466D9 /* WeatherApp.xcdatamodeld in Sources */,
				480DBE9928E9FBAA00C466D9 /* MainScreenViewController.swift in Sources */,
				480DBE9528E9FBAA00C466D9 /* AppDelegate.swift in Sources */,
				486FB97628F706EB007EF040 /* CoreDataManager.swift in Sources */,
				487262A028EE2F13002D4AE2 /* DetailScreenSwiftUIView.swift in Sources */,
				487262A628EE2FBC002D4AE2 /* WeatherViewModel.swift in Sources */,
				486FB97328F70410007EF040 /* Location+Extension.swift in Sources */,
				487262A228EE2F59002D4AE2 /* WeatherService.swift in Sources */,
				480DBE9728E9FBAA00C466D9 /* SceneDelegate.swift in Sources */,
			);
			runOnlyForDeploymentPostprocessing = 0;
		};
		480DBEA628E9FBAB00C466D9 /* Sources */ = {
			isa = PBXSourcesBuildPhase;
			buildActionMask = 2147483647;
			files = (
			);
			runOnlyForDeploymentPostprocessing = 0;
		};
		480DBEB028E9FBAB00C466D9 /* Sources */ = {
			isa = PBXSourcesBuildPhase;
			buildActionMask = 2147483647;
			files = (
				480DBEB928E9FBAB00C466D9 /* WeatherAppUITests.swift in Sources */,
				480DBEBB28E9FBAB00C466D9 /* WeatherAppUITestsLaunchTests.swift in Sources */,
			);
			runOnlyForDeploymentPostprocessing = 0;
		};
/* End PBXSourcesBuildPhase section */

/* Begin PBXTargetDependency section */
		480DBEAC28E9FBAB00C466D9 /* PBXTargetDependency */ = {
			isa = PBXTargetDependency;
			target = 480DBE9028E9FBAA00C466D9 /* WeatherApp */;
			targetProxy = 480DBEAB28E9FBAB00C466D9 /* PBXContainerItemProxy */;
		};
		480DBEB628E9FBAB00C466D9 /* PBXTargetDependency */ = {
			isa = PBXTargetDependency;
			target = 480DBE9028E9FBAA00C466D9 /* WeatherApp */;
			targetProxy = 480DBEB528E9FBAB00C466D9 /* PBXContainerItemProxy */;
		};
/* End PBXTargetDependency section */

/* Begin PBXVariantGroup section */
		480DBE9A28E9FBAA00C466D9 /* Main.storyboard */ = {
			isa = PBXVariantGroup;
			children = (
				480DBE9B28E9FBAA00C466D9 /* Base */,
			);
			name = Main.storyboard;
			sourceTree = "<group>";
		};
		480DBEA228E9FBAB00C466D9 /* LaunchScreen.storyboard */ = {
			isa = PBXVariantGroup;
			children = (
				480DBEA328E9FBAB00C466D9 /* Base */,
			);
			name = LaunchScreen.storyboard;
			sourceTree = "<group>";
		};
/* End PBXVariantGroup section */

/* Begin XCBuildConfiguration section */
		480DBEBC28E9FBAB00C466D9 /* Debug */ = {
			isa = XCBuildConfiguration;
			buildSettings = {
				ALWAYS_SEARCH_USER_PATHS = NO;
				CLANG_ANALYZER_NONNULL = YES;
				CLANG_ANALYZER_NUMBER_OBJECT_CONVERSION = YES_AGGRESSIVE;
				CLANG_CXX_LANGUAGE_STANDARD = "gnu++17";
				CLANG_ENABLE_MODULES = YES;
				CLANG_ENABLE_OBJC_ARC = YES;
				CLANG_ENABLE_OBJC_WEAK = YES;
				CLANG_WARN_BLOCK_CAPTURE_AUTORELEASING = YES;
				CLANG_WARN_BOOL_CONVERSION = YES;
				CLANG_WARN_COMMA = YES;
				CLANG_WARN_CONSTANT_CONVERSION = YES;
				CLANG_WARN_DEPRECATED_OBJC_IMPLEMENTATIONS = YES;
				CLANG_WARN_DIRECT_OBJC_ISA_USAGE = YES_ERROR;
				CLANG_WARN_DOCUMENTATION_COMMENTS = YES;
				CLANG_WARN_EMPTY_BODY = YES;
				CLANG_WARN_ENUM_CONVERSION = YES;
				CLANG_WARN_INFINITE_RECURSION = YES;
				CLANG_WARN_INT_CONVERSION = YES;
				CLANG_WARN_NON_LITERAL_NULL_CONVERSION = YES;
				CLANG_WARN_OBJC_IMPLICIT_RETAIN_SELF = YES;
				CLANG_WARN_OBJC_LITERAL_CONVERSION = YES;
				CLANG_WARN_OBJC_ROOT_CLASS = YES_ERROR;
				CLANG_WARN_QUOTED_INCLUDE_IN_FRAMEWORK_HEADER = YES;
				CLANG_WARN_RANGE_LOOP_ANALYSIS = YES;
				CLANG_WARN_STRICT_PROTOTYPES = YES;
				CLANG_WARN_SUSPICIOUS_MOVE = YES;
				CLANG_WARN_UNGUARDED_AVAILABILITY = YES_AGGRESSIVE;
				CLANG_WARN_UNREACHABLE_CODE = YES;
				CLANG_WARN__DUPLICATE_METHOD_MATCH = YES;
				COPY_PHASE_STRIP = NO;
				DEBUG_INFORMATION_FORMAT = dwarf;
				ENABLE_STRICT_OBJC_MSGSEND = YES;
				ENABLE_TESTABILITY = YES;
				GCC_C_LANGUAGE_STANDARD = gnu11;
				GCC_DYNAMIC_NO_PIC = NO;
				GCC_NO_COMMON_BLOCKS = YES;
				GCC_OPTIMIZATION_LEVEL = 0;
				GCC_PREPROCESSOR_DEFINITIONS = (
					"DEBUG=1",
					"$(inherited)",
				);
				GCC_WARN_64_TO_32_BIT_CONVERSION = YES;
				GCC_WARN_ABOUT_RETURN_TYPE = YES_ERROR;
				GCC_WARN_UNDECLARED_SELECTOR = YES;
				GCC_WARN_UNINITIALIZED_AUTOS = YES_AGGRESSIVE;
				GCC_WARN_UNUSED_FUNCTION = YES;
				GCC_WARN_UNUSED_VARIABLE = YES;
				IPHONEOS_DEPLOYMENT_TARGET = 15.5;
				MTL_ENABLE_DEBUG_INFO = INCLUDE_SOURCE;
				MTL_FAST_MATH = YES;
				ONLY_ACTIVE_ARCH = YES;
				SDKROOT = iphoneos;
				SWIFT_ACTIVE_COMPILATION_CONDITIONS = DEBUG;
				SWIFT_OPTIMIZATION_LEVEL = "-Onone";
			};
			name = Debug;
		};
		480DBEBD28E9FBAB00C466D9 /* Release */ = {
			isa = XCBuildConfiguration;
			buildSettings = {
				ALWAYS_SEARCH_USER_PATHS = NO;
				CLANG_ANALYZER_NONNULL = YES;
				CLANG_ANALYZER_NUMBER_OBJECT_CONVERSION = YES_AGGRESSIVE;
				CLANG_CXX_LANGUAGE_STANDARD = "gnu++17";
				CLANG_ENABLE_MODULES = YES;
				CLANG_ENABLE_OBJC_ARC = YES;
				CLANG_ENABLE_OBJC_WEAK = YES;
				CLANG_WARN_BLOCK_CAPTURE_AUTORELEASING = YES;
				CLANG_WARN_BOOL_CONVERSION = YES;
				CLANG_WARN_COMMA = YES;
				CLANG_WARN_CONSTANT_CONVERSION = YES;
				CLANG_WARN_DEPRECATED_OBJC_IMPLEMENTATIONS = YES;
				CLANG_WARN_DIRECT_OBJC_ISA_USAGE = YES_ERROR;
				CLANG_WARN_DOCUMENTATION_COMMENTS = YES;
				CLANG_WARN_EMPTY_BODY = YES;
				CLANG_WARN_ENUM_CONVERSION = YES;
				CLANG_WARN_INFINITE_RECURSION = YES;
				CLANG_WARN_INT_CONVERSION = YES;
				CLANG_WARN_NON_LITERAL_NULL_CONVERSION = YES;
				CLANG_WARN_OBJC_IMPLICIT_RETAIN_SELF = YES;
				CLANG_WARN_OBJC_LITERAL_CONVERSION = YES;
				CLANG_WARN_OBJC_ROOT_CLASS = YES_ERROR;
				CLANG_WARN_QUOTED_INCLUDE_IN_FRAMEWORK_HEADER = YES;
				CLANG_WARN_RANGE_LOOP_ANALYSIS = YES;
				CLANG_WARN_STRICT_PROTOTYPES = YES;
				CLANG_WARN_SUSPICIOUS_MOVE = YES;
				CLANG_WARN_UNGUARDED_AVAILABILITY = YES_AGGRESSIVE;
				CLANG_WARN_UNREACHABLE_CODE = YES;
				CLANG_WARN__DUPLICATE_METHOD_MATCH = YES;
				COPY_PHASE_STRIP = NO;
				DEBUG_INFORMATION_FORMAT = "dwarf-with-dsym";
				ENABLE_NS_ASSERTIONS = NO;
				ENABLE_STRICT_OBJC_MSGSEND = YES;
				GCC_C_LANGUAGE_STANDARD = gnu11;
				GCC_NO_COMMON_BLOCKS = YES;
				GCC_WARN_64_TO_32_BIT_CONVERSION = YES;
				GCC_WARN_ABOUT_RETURN_TYPE = YES_ERROR;
				GCC_WARN_UNDECLARED_SELECTOR = YES;
				GCC_WARN_UNINITIALIZED_AUTOS = YES_AGGRESSIVE;
				GCC_WARN_UNUSED_FUNCTION = YES;
				GCC_WARN_UNUSED_VARIABLE = YES;
				IPHONEOS_DEPLOYMENT_TARGET = 15.5;
				MTL_ENABLE_DEBUG_INFO = NO;
				MTL_FAST_MATH = YES;
				SDKROOT = iphoneos;
				SWIFT_COMPILATION_MODE = wholemodule;
				SWIFT_OPTIMIZATION_LEVEL = "-O";
				VALIDATE_PRODUCT = YES;
			};
			name = Release;
		};
		480DBEBF28E9FBAB00C466D9 /* Debug */ = {
			isa = XCBuildConfiguration;
			buildSettings = {
				ASSETCATALOG_COMPILER_APPICON_NAME = AppIcon;
				ASSETCATALOG_COMPILER_GLOBAL_ACCENT_COLOR_NAME = AccentColor;
				CODE_SIGN_STYLE = Automatic;
				CURRENT_PROJECT_VERSION = 1;
				GENERATE_INFOPLIST_FILE = YES;
				INFOPLIST_FILE = WeatherApp/Info.plist;
				INFOPLIST_KEY_UIApplicationSupportsIndirectInputEvents = YES;
				INFOPLIST_KEY_UILaunchStoryboardName = LaunchScreen;
				INFOPLIST_KEY_UIMainStoryboardFile = Main;
				INFOPLIST_KEY_UISupportedInterfaceOrientations_iPad = "UIInterfaceOrientationPortrait UIInterfaceOrientationPortraitUpsideDown UIInterfaceOrientationLandscapeLeft UIInterfaceOrientationLandscapeRight";
				INFOPLIST_KEY_UISupportedInterfaceOrientations_iPhone = "UIInterfaceOrientationPortrait UIInterfaceOrientationLandscapeLeft UIInterfaceOrientationLandscapeRight";
				LD_RUNPATH_SEARCH_PATHS = (
					"$(inherited)",
					"@executable_path/Frameworks",
				);
				MARKETING_VERSION = 1.0;
				PRODUCT_BUNDLE_IDENTIFIER = com.itc.mymac.WeatherApp;
				PRODUCT_NAME = "$(TARGET_NAME)";
				SWIFT_EMIT_LOC_STRINGS = YES;
				SWIFT_VERSION = 5.0;
				TARGETED_DEVICE_FAMILY = "1,2";
			};
			name = Debug;
		};
		480DBEC028E9FBAB00C466D9 /* Release */ = {
			isa = XCBuildConfiguration;
			buildSettings = {
				ASSETCATALOG_COMPILER_APPICON_NAME = AppIcon;
				ASSETCATALOG_COMPILER_GLOBAL_ACCENT_COLOR_NAME = AccentColor;
				CODE_SIGN_STYLE = Automatic;
				CURRENT_PROJECT_VERSION = 1;
				GENERATE_INFOPLIST_FILE = YES;
				INFOPLIST_FILE = WeatherApp/Info.plist;
				INFOPLIST_KEY_UIApplicationSupportsIndirectInputEvents = YES;
				INFOPLIST_KEY_UILaunchStoryboardName = LaunchScreen;
				INFOPLIST_KEY_UIMainStoryboardFile = Main;
				INFOPLIST_KEY_UISupportedInterfaceOrientations_iPad = "UIInterfaceOrientationPortrait UIInterfaceOrientationPortraitUpsideDown UIInterfaceOrientationLandscapeLeft UIInterfaceOrientationLandscapeRight";
				INFOPLIST_KEY_UISupportedInterfaceOrientations_iPhone = "UIInterfaceOrientationPortrait UIInterfaceOrientationLandscapeLeft UIInterfaceOrientationLandscapeRight";
				LD_RUNPATH_SEARCH_PATHS = (
					"$(inherited)",
					"@executable_path/Frameworks",
				);
				MARKETING_VERSION = 1.0;
				PRODUCT_BUNDLE_IDENTIFIER = com.itc.mymac.WeatherApp;
				PRODUCT_NAME = "$(TARGET_NAME)";
				SWIFT_EMIT_LOC_STRINGS = YES;
				SWIFT_VERSION = 5.0;
				TARGETED_DEVICE_FAMILY = "1,2";
			};
			name = Release;
		};
		480DBEC228E9FBAB00C466D9 /* Debug */ = {
			isa = XCBuildConfiguration;
			buildSettings = {
				ALWAYS_EMBED_SWIFT_STANDARD_LIBRARIES = YES;
				BUNDLE_LOADER = "$(TEST_HOST)";
				CLANG_ENABLE_MODULES = YES;
				CODE_SIGN_STYLE = Automatic;
				CURRENT_PROJECT_VERSION = 1;
				GENERATE_INFOPLIST_FILE = YES;
				IPHONEOS_DEPLOYMENT_TARGET = 15.5;
				LD_RUNPATH_SEARCH_PATHS = (
					"$(inherited)",
					"@executable_path/Frameworks",
					"@loader_path/Frameworks",
				);
				MARKETING_VERSION = 1.0;
				PRODUCT_BUNDLE_IDENTIFIER = com.itc.mymac.WeatherAppTests;
				PRODUCT_NAME = "$(TARGET_NAME)";
				SWIFT_EMIT_LOC_STRINGS = NO;
				SWIFT_OPTIMIZATION_LEVEL = "-Onone";
				SWIFT_VERSION = 5.0;
				TARGETED_DEVICE_FAMILY = "1,2";
				TEST_HOST = "$(BUILT_PRODUCTS_DIR)/WeatherApp.app/WeatherApp";
			};
			name = Debug;
		};
		480DBEC328E9FBAB00C466D9 /* Release */ = {
			isa = XCBuildConfiguration;
			buildSettings = {
				ALWAYS_EMBED_SWIFT_STANDARD_LIBRARIES = YES;
				BUNDLE_LOADER = "$(TEST_HOST)";
				CLANG_ENABLE_MODULES = YES;
				CODE_SIGN_STYLE = Automatic;
				CURRENT_PROJECT_VERSION = 1;
				GENERATE_INFOPLIST_FILE = YES;
				IPHONEOS_DEPLOYMENT_TARGET = 15.5;
				LD_RUNPATH_SEARCH_PATHS = (
					"$(inherited)",
					"@executable_path/Frameworks",
					"@loader_path/Frameworks",
				);
				MARKETING_VERSION = 1.0;
				PRODUCT_BUNDLE_IDENTIFIER = com.itc.mymac.WeatherAppTests;
				PRODUCT_NAME = "$(TARGET_NAME)";
				SWIFT_EMIT_LOC_STRINGS = NO;
				SWIFT_VERSION = 5.0;
				TARGETED_DEVICE_FAMILY = "1,2";
				TEST_HOST = "$(BUILT_PRODUCTS_DIR)/WeatherApp.app/WeatherApp";
			};
			name = Release;
		};
		480DBEC528E9FBAB00C466D9 /* Debug */ = {
			isa = XCBuildConfiguration;
			buildSettings = {
				ALWAYS_EMBED_SWIFT_STANDARD_LIBRARIES = YES;
				CODE_SIGN_STYLE = Automatic;
				CURRENT_PROJECT_VERSION = 1;
				GENERATE_INFOPLIST_FILE = YES;
				MARKETING_VERSION = 1.0;
				PRODUCT_BUNDLE_IDENTIFIER = com.itc.mymac.WeatherAppUITests;
				PRODUCT_NAME = "$(TARGET_NAME)";
				SWIFT_EMIT_LOC_STRINGS = NO;
				SWIFT_VERSION = 5.0;
				TARGETED_DEVICE_FAMILY = "1,2";
				TEST_TARGET_NAME = WeatherApp;
			};
			name = Debug;
		};
		480DBEC628E9FBAB00C466D9 /* Release */ = {
			isa = XCBuildConfiguration;
			buildSettings = {
				ALWAYS_EMBED_SWIFT_STANDARD_LIBRARIES = YES;
				CODE_SIGN_STYLE = Automatic;
				CURRENT_PROJECT_VERSION = 1;
				GENERATE_INFOPLIST_FILE = YES;
				MARKETING_VERSION = 1.0;
				PRODUCT_BUNDLE_IDENTIFIER = com.itc.mymac.WeatherAppUITests;
				PRODUCT_NAME = "$(TARGET_NAME)";
				SWIFT_EMIT_LOC_STRINGS = NO;
				SWIFT_VERSION = 5.0;
				TARGETED_DEVICE_FAMILY = "1,2";
				TEST_TARGET_NAME = WeatherApp;
			};
			name = Release;
		};
/* End XCBuildConfiguration section */

/* Begin XCConfigurationList section */
		480DBE8C28E9FBAA00C466D9 /* Build configuration list for PBXProject "WeatherApp" */ = {
			isa = XCConfigurationList;
			buildConfigurations = (
				480DBEBC28E9FBAB00C466D9 /* Debug */,
				480DBEBD28E9FBAB00C466D9 /* Release */,
			);
			defaultConfigurationIsVisible = 0;
			defaultConfigurationName = Release;
		};
		480DBEBE28E9FBAB00C466D9 /* Build configuration list for PBXNativeTarget "WeatherApp" */ = {
			isa = XCConfigurationList;
			buildConfigurations = (
				480DBEBF28E9FBAB00C466D9 /* Debug */,
				480DBEC028E9FBAB00C466D9 /* Release */,
			);
			defaultConfigurationIsVisible = 0;
			defaultConfigurationName = Release;
		};
		480DBEC128E9FBAB00C466D9 /* Build configuration list for PBXNativeTarget "WeatherAppTests" */ = {
			isa = XCConfigurationList;
			buildConfigurations = (
				480DBEC228E9FBAB00C466D9 /* Debug */,
				480DBEC328E9FBAB00C466D9 /* Release */,
			);
			defaultConfigurationIsVisible = 0;
			defaultConfigurationName = Release;
		};
		480DBEC428E9FBAB00C466D9 /* Build configuration list for PBXNativeTarget "WeatherAppUITests" */ = {
			isa = XCConfigurationList;
			buildConfigurations = (
				480DBEC528E9FBAB00C466D9 /* Debug */,
				480DBEC628E9FBAB00C466D9 /* Release */,
			);
			defaultConfigurationIsVisible = 0;
			defaultConfigurationName = Release;
		};
/* End XCConfigurationList section */

/* Begin XCVersionGroup section */
		480DBE9D28E9FBAA00C466D9 /* WeatherApp.xcdatamodeld */ = {
			isa = XCVersionGroup;
			children = (
				480DBE9E28E9FBAA00C466D9 /* WeatherApp.xcdatamodel */,
			);
			currentVersion = 480DBE9E28E9FBAA00C466D9 /* WeatherApp.xcdatamodel */;
			path = WeatherApp.xcdatamodeld;
			sourceTree = "<group>";
			versionGroupType = wrapper.xcdatamodel;
		};
/* End XCVersionGroup section */
	};
	rootObject = 480DBE8928E9FBAA00C466D9 /* Project object */;
}
